
Microsoft Visual Studio Solution File, Format Version 12.00
# Visual Studio Version 17
VisualStudioVersion = 17.14.36603.0 d17.14
MinimumVisualStudioVersion = 10.0.40219.1
Project("{8BC9CEB8-8B4A-11D0-8D11-00A0C91BC942}") = "Cal3DWrapperStub", "Cal3DWrapperStub.vcxproj", "{D69F62BA-B470-4D8F-A272-656F1AFB23F3}"
EndProject
Global
	GlobalSection(SolutionConfigurationPlatforms) = preSolution
		Debug|x64 = Debug|x64
		Debug|x86 = Debug|x86
		Release|x64 = Release|x64
		Release|x86 = Release|x86
	EndGlobalSection
	GlobalSection(ProjectConfigurationPlatforms) = postSolution
		{D69F62BA-B470-4D8F-A272-656F1AFB23F3}.Debug|x64.ActiveCfg = Debug|x64
		{D69F62BA-B470-4D8F-A272-656F1AFB23F3}.Debug|x64.Build.0 = Debug|x64
		{D69F62BA-B470-4D8F-A272-656F1AFB23F3}.Debug|x86.ActiveCfg = Debug|Win32
		{D69F62BA-B470-4D8F-A272-656F1AFB23F3}.Debug|x86.Build.0 = Debug|Win32
		{D69F62BA-B470-4D8F-A272-656F1AFB23F3}.Release|x64.ActiveCfg = Release|x64
		{D69F62BA-B470-4D8F-A272-656F1AFB23F3}.Release|x64.Build.0 = Release|x64
		{D69F62BA-B470-4D8F-A272-656F1AFB23F3}.Release|x86.ActiveCfg = Release|Win32
		{D69F62BA-B470-4D8F-A272-656F1AFB23F3}.Release|x86.Build.0 = Release|Win32
	EndGlobalSection
	GlobalSection(SolutionProperties) = preSolution
		HideSolutionNode = FALSE
	EndGlobalSection
	GlobalSection(ExtensibilityGlobals) = postSolution
		SolutionGuid = {FB033837-B72E-4AFB-9768-1B74218C68C9}
	EndGlobalSection
EndGlobal
